
Microsoft Visual Studio Solution File, Format Version 12.00
# Visual Studio 14
VisualStudioVersion = 14.0.25123.0
MinimumVisualStudioVersion = 10.0.40219.1
Project("{FAE04EC0-301F-11D3-BF4B-00C04F79EFBC}") = "CRM.Tickets", "CRM.Tickets\CRM.Tickets.csproj", "{B59BC2CE-44CD-40CC-8E6E-628EEEE926FA}"
EndProject
Project("{FAE04EC0-301F-11D3-BF4B-00C04F79EFBC}") = "CRM.Store", "CRM.Store\CRM.Store.csproj", "{637CD8BD-0443-4CC2-BC9F-0D49C07FE76D}"
EndProject
Project("{FAE04EC0-301F-11D3-BF4B-00C04F79EFBC}") = "CRM.Model", "CRM.Model\CRM.Model.csproj", "{C9F2373A-1BA2-4D57-908F-233301F5487D}"
EndProject
Project("{FAE04EC0-301F-11D3-BF4B-00C04F79EFBC}") = "CRMStoreTest", "CRMStoreTest\CRMStoreTest.csproj", "{F7840209-30E2-41D7-AC6D-7AB80F7050EC}"
EndProject
Project("{FAE04EC0-301F-11D3-BF4B-00C04F79EFBC}") = "CRM.Web", "CRM.Web\CRM.Web.csproj", "{D12969D3-E6BB-440E-B371-E2C613B02678}"
EndProject
Project("{FAE04EC0-301F-11D3-BF4B-00C04F79EFBC}") = "CRM.Dal", "CRM.Dal\CRM.Dal.csproj", "{648C2FD3-9A21-4D55-98C0-85972840403D}"
EndProject
Project("{FAE04EC0-301F-11D3-BF4B-00C04F79EFBC}") = "CRM.Business", "CRM.Business\CRM.Business.csproj", "{B7E7707D-E78A-4612-8052-71B3094014DA}"
EndProject
Project("{FAE04EC0-301F-11D3-BF4B-00C04F79EFBC}") = "CRMTicketTest", "CRMTicketTest\CRMTicketTest.csproj", "{5E32BC37-6819-4C3E-B2AE-496B25D411F7}"
EndProject
Global
	GlobalSection(SolutionConfigurationPlatforms) = preSolution
		Debug|Any CPU = Debug|Any CPU
		Release|Any CPU = Release|Any CPU
	EndGlobalSection
	GlobalSection(ProjectConfigurationPlatforms) = postSolution
		{B59BC2CE-44CD-40CC-8E6E-628EEEE926FA}.Debug|Any CPU.ActiveCfg = Debug|Any CPU
		{B59BC2CE-44CD-40CC-8E6E-628EEEE926FA}.Debug|Any CPU.Build.0 = Debug|Any CPU
		{B59BC2CE-44CD-40CC-8E6E-628EEEE926FA}.Release|Any CPU.ActiveCfg = Release|Any CPU
		{B59BC2CE-44CD-40CC-8E6E-628EEEE926FA}.Release|Any CPU.Build.0 = Release|Any CPU
		{637CD8BD-0443-4CC2-BC9F-0D49C07FE76D}.Debug|Any CPU.ActiveCfg = Debug|Any CPU
		{637CD8BD-0443-4CC2-BC9F-0D49C07FE76D}.Debug|Any CPU.Build.0 = Debug|Any CPU
		{637CD8BD-0443-4CC2-BC9F-0D49C07FE76D}.Release|Any CPU.ActiveCfg = Release|Any CPU
		{637CD8BD-0443-4CC2-BC9F-0D49C07FE76D}.Release|Any CPU.Build.0 = Release|Any CPU
		{C9F2373A-1BA2-4D57-908F-233301F5487D}.Debug|Any CPU.ActiveCfg = Debug|Any CPU
		{C9F2373A-1BA2-4D57-908F-233301F5487D}.Debug|Any CPU.Build.0 = Debug|Any CPU
		{C9F2373A-1BA2-4D57-908F-233301F5487D}.Release|Any CPU.ActiveCfg = Release|Any CPU
		{C9F2373A-1BA2-4D57-908F-233301F5487D}.Release|Any CPU.Build.0 = Release|Any CPU
		{F7840209-30E2-41D7-AC6D-7AB80F7050EC}.Debug|Any CPU.ActiveCfg = Debug|Any CPU
		{F7840209-30E2-41D7-AC6D-7AB80F7050EC}.Debug|Any CPU.Build.0 = Debug|Any CPU
		{F7840209-30E2-41D7-AC6D-7AB80F7050EC}.Release|Any CPU.ActiveCfg = Release|Any CPU
		{F7840209-30E2-41D7-AC6D-7AB80F7050EC}.Release|Any CPU.Build.0 = Release|Any CPU
		{D12969D3-E6BB-440E-B371-E2C613B02678}.Debug|Any CPU.ActiveCfg = Debug|Any CPU
		{D12969D3-E6BB-440E-B371-E2C613B02678}.Debug|Any CPU.Build.0 = Debug|Any CPU
		{D12969D3-E6BB-440E-B371-E2C613B02678}.Release|Any CPU.ActiveCfg = Release|Any CPU
		{D12969D3-E6BB-440E-B371-E2C613B02678}.Release|Any CPU.Build.0 = Release|Any CPU
		{648C2FD3-9A21-4D55-98C0-85972840403D}.Debug|Any CPU.ActiveCfg = Debug|Any CPU
		{648C2FD3-9A21-4D55-98C0-85972840403D}.Debug|Any CPU.Build.0 = Debug|Any CPU
		{648C2FD3-9A21-4D55-98C0-85972840403D}.Release|Any CPU.ActiveCfg = Release|Any CPU
		{648C2FD3-9A21-4D55-98C0-85972840403D}.Release|Any CPU.Build.0 = Release|Any CPU
		{B7E7707D-E78A-4612-8052-71B3094014DA}.Debug|Any CPU.ActiveCfg = Debug|Any CPU
		{B7E7707D-E78A-4612-8052-71B3094014DA}.Debug|Any CPU.Build.0 = Debug|Any CPU
		{B7E7707D-E78A-4612-8052-71B3094014DA}.Release|Any CPU.ActiveCfg = Release|Any CPU
		{B7E7707D-E78A-4612-8052-71B3094014DA}.Release|Any CPU.Build.0 = Release|Any CPU
		{5E32BC37-6819-4C3E-B2AE-496B25D411F7}.Debug|Any CPU.ActiveCfg = Debug|Any CPU
		{5E32BC37-6819-4C3E-B2AE-496B25D411F7}.Debug|Any CPU.Build.0 = Debug|Any CPU
		{5E32BC37-6819-4C3E-B2AE-496B25D411F7}.Release|Any CPU.ActiveCfg = Release|Any CPU
		{5E32BC37-6819-4C3E-B2AE-496B25D411F7}.Release|Any CPU.Build.0 = Release|Any CPU
	EndGlobalSection
	GlobalSection(SolutionProperties) = preSolution
		HideSolutionNode = FALSE
	EndGlobalSection
EndGlobal
